// !$*UTF8*$!
{
	archiveVersion = 1;
	classes = {
	};
	objectVersion = 50;
	objects = {

/* Begin PBXBuildFile section */
		554938EE2198AF32008E9F1A /* NewsMultiplePhotoViewCell.swift in Sources */ = {isa = PBXBuildFile; fileRef = 554938ED2198AF32008E9F1A /* NewsMultiplePhotoViewCell.swift */; };
		55961EC82195CE0A00784F09 /* NewsTextViewLayout.swift in Sources */ = {isa = PBXBuildFile; fileRef = 55961EC72195CE0A00784F09 /* NewsTextViewLayout.swift */; };
		55B47CE52195E884005A42D5 /* UIColor+Styles.swift in Sources */ = {isa = PBXBuildFile; fileRef = 55B47CE42195E884005A42D5 /* UIColor+Styles.swift */; };
		55B47CE72195F10C005A42D5 /* CGSize+Helpers.swift in Sources */ = {isa = PBXBuildFile; fileRef = 55B47CE62195F10C005A42D5 /* CGSize+Helpers.swift */; };
		55B47CF12195FCE2005A42D5 /* UIColor+Helpers.swift in Sources */ = {isa = PBXBuildFile; fileRef = 55B47CF02195FCE2005A42D5 /* UIColor+Helpers.swift */; };
		55B47CF32195FE7A005A42D5 /* UIFont+Styles.swift in Sources */ = {isa = PBXBuildFile; fileRef = 55B47CF22195FE7A005A42D5 /* UIFont+Styles.swift */; };
		55B47CF921961062005A42D5 /* UIButton+Helpers.swift in Sources */ = {isa = PBXBuildFile; fileRef = 55B47CF821961062005A42D5 /* UIButton+Helpers.swift */; };
		55B47D03219641EC005A42D5 /* NewsTextView.swift in Sources */ = {isa = PBXBuildFile; fileRef = 55B47D02219641EC005A42D5 /* NewsTextView.swift */; };
		55B47D092196E96E005A42D5 /* AuthorizationService.swift in Sources */ = {isa = PBXBuildFile; fileRef = 55B47D082196E96E005A42D5 /* AuthorizationService.swift */; };
		55B47D0B2196E97D005A42D5 /* AuthorizationViewController.swift in Sources */ = {isa = PBXBuildFile; fileRef = 55B47D0A2196E97D005A42D5 /* AuthorizationViewController.swift */; };
		55B47D0E2196EBBF005A42D5 /* Router.swift in Sources */ = {isa = PBXBuildFile; fileRef = 55B47D0D2196EBBF005A42D5 /* Router.swift */; };
		55B47D1521970C4C005A42D5 /* NetworkService.swift in Sources */ = {isa = PBXBuildFile; fileRef = 55B47D1421970C4C005A42D5 /* NetworkService.swift */; };
		55B47D1721970C5A005A42D5 /* GetNewsRequest.swift in Sources */ = {isa = PBXBuildFile; fileRef = 55B47D1621970C5A005A42D5 /* GetNewsRequest.swift */; };
		55B47D1921970E6E005A42D5 /* NetworkRequest.swift in Sources */ = {isa = PBXBuildFile; fileRef = 55B47D1821970E6E005A42D5 /* NetworkRequest.swift */; };
		55B47D1B219713F8005A42D5 /* GetNewsResponse.swift in Sources */ = {isa = PBXBuildFile; fileRef = 55B47D1A219713F8005A42D5 /* GetNewsResponse.swift */; };
		55B47D1D219720F4005A42D5 /* NewsItem.swift in Sources */ = {isa = PBXBuildFile; fileRef = 55B47D1C219720F4005A42D5 /* NewsItem.swift */; };
		55B47D20219723CF005A42D5 /* NewsComments.swift in Sources */ = {isa = PBXBuildFile; fileRef = 55B47D1F219723CF005A42D5 /* NewsComments.swift */; };
		55B47D22219723F2005A42D5 /* NewsLikes.swift in Sources */ = {isa = PBXBuildFile; fileRef = 55B47D21219723F2005A42D5 /* NewsLikes.swift */; };
		55B47D2421972415005A42D5 /* NewsReposts.swift in Sources */ = {isa = PBXBuildFile; fileRef = 55B47D2321972415005A42D5 /* NewsReposts.swift */; };
		55B47D2621972482005A42D5 /* NewsViews.swift in Sources */ = {isa = PBXBuildFile; fileRef = 55B47D2521972482005A42D5 /* NewsViews.swift */; };
		55B47D2821972E03005A42D5 /* NewsFeedViewModel.swift in Sources */ = {isa = PBXBuildFile; fileRef = 55B47D2721972E03005A42D5 /* NewsFeedViewModel.swift */; };
		55B47D2A21973B49005A42D5 /* CGFloat+Helpers.swift in Sources */ = {isa = PBXBuildFile; fileRef = 55B47D2921973B49005A42D5 /* CGFloat+Helpers.swift */; };
		55B47D32219828CB005A42D5 /* Profile.swift in Sources */ = {isa = PBXBuildFile; fileRef = 55B47D31219828CB005A42D5 /* Profile.swift */; };
		55B47D3421982971005A42D5 /* Group.swift in Sources */ = {isa = PBXBuildFile; fileRef = 55B47D3321982971005A42D5 /* Group.swift */; };
		55B47D3821983B82005A42D5 /* Observable.swift in Sources */ = {isa = PBXBuildFile; fileRef = 55B47D3721983B82005A42D5 /* Observable.swift */; };
		55B47D3B21984817005A42D5 /* ImagesService.swift in Sources */ = {isa = PBXBuildFile; fileRef = 55B47D3A21984817005A42D5 /* ImagesService.swift */; };
		55B47D422198583F005A42D5 /* CellController.swift in Sources */ = {isa = PBXBuildFile; fileRef = 55B47D412198583F005A42D5 /* CellController.swift */; };
		55B47D4421985B22005A42D5 /* LoadingIndicatorCellController.swift in Sources */ = {isa = PBXBuildFile; fileRef = 55B47D4321985B22005A42D5 /* LoadingIndicatorCellController.swift */; };
		55B47D4621985B5A005A42D5 /* LoadingIndicatorCell.swift in Sources */ = {isa = PBXBuildFile; fileRef = 55B47D4521985B5A005A42D5 /* LoadingIndicatorCell.swift */; };
		55B47D4821987544005A42D5 /* NewsAttachment.swift in Sources */ = {isa = PBXBuildFile; fileRef = 55B47D4721987544005A42D5 /* NewsAttachment.swift */; };
		55B47D4A219876C3005A42D5 /* Photo.swift in Sources */ = {isa = PBXBuildFile; fileRef = 55B47D49219876C3005A42D5 /* Photo.swift */; };
		55B47D4C219876FB005A42D5 /* PhotoSize.swift in Sources */ = {isa = PBXBuildFile; fileRef = 55B47D4B219876FB005A42D5 /* PhotoSize.swift */; };
		55B47D5921989011005A42D5 /* NewsSinglePhotoView.swift in Sources */ = {isa = PBXBuildFile; fileRef = 55B47D5821989011005A42D5 /* NewsSinglePhotoView.swift */; };
		55B47D5C21989035005A42D5 /* NewsSinglePhotoViewModel.swift in Sources */ = {isa = PBXBuildFile; fileRef = 55B47D5B21989035005A42D5 /* NewsSinglePhotoViewModel.swift */; };
		55B47D63219894E4005A42D5 /* NewsMultiplePhotoView.swift in Sources */ = {isa = PBXBuildFile; fileRef = 55B47D62219894E4005A42D5 /* NewsMultiplePhotoView.swift */; };
		55B47D692198A404005A42D5 /* NewsMultiplePhotoViewLayout.swift in Sources */ = {isa = PBXBuildFile; fileRef = 55B47D682198A404005A42D5 /* NewsMultiplePhotoViewLayout.swift */; };
		55B9E3BC2194DCA9009E89EF /* AppDelegate.swift in Sources */ = {isa = PBXBuildFile; fileRef = 55B9E3BB2194DCA9009E89EF /* AppDelegate.swift */; };
		55B9E3BE2194DCA9009E89EF /* NewsFeedViewController.swift in Sources */ = {isa = PBXBuildFile; fileRef = 55B9E3BD2194DCA9009E89EF /* NewsFeedViewController.swift */; };
		55B9E3C32194DCAB009E89EF /* Assets.xcassets in Resources */ = {isa = PBXBuildFile; fileRef = 55B9E3C22194DCAB009E89EF /* Assets.xcassets */; };
		55B9E3C62194DCAB009E89EF /* LaunchScreen.storyboard in Resources */ = {isa = PBXBuildFile; fileRef = 55B9E3C42194DCAB009E89EF /* LaunchScreen.storyboard */; };
		55B9E3D12194DCAC009E89EF /* VKContestTests.swift in Sources */ = {isa = PBXBuildFile; fileRef = 55B9E3D02194DCAC009E89EF /* VKContestTests.swift */; };
		55B9E3E62194E914009E89EF /* VKSdkFramework.framework in Frameworks */ = {isa = PBXBuildFile; fileRef = 55B9E3E52194E914009E89EF /* VKSdkFramework.framework */; };
		55B9E3F52195887F009E89EF /* NewsFeedContainerViewController.swift in Sources */ = {isa = PBXBuildFile; fileRef = 55B9E3F42195887F009E89EF /* NewsFeedContainerViewController.swift */; };
		55B9E3FB21958A38009E89EF /* UIViewController+Helpers.swift in Sources */ = {isa = PBXBuildFile; fileRef = 55B9E3FA21958A38009E89EF /* UIViewController+Helpers.swift */; };
		55B9E3FD219596BE009E89EF /* NewsCell.swift in Sources */ = {isa = PBXBuildFile; fileRef = 55B9E3FC219596BE009E89EF /* NewsCell.swift */; };
		55B9E40221959CC4009E89EF /* NewsBarView.swift in Sources */ = {isa = PBXBuildFile; fileRef = 55B9E40121959CC4009E89EF /* NewsBarView.swift */; };
		55B9E40521959E0A009E89EF /* Resources.xcassets in Resources */ = {isa = PBXBuildFile; fileRef = 55B9E40421959E0A009E89EF /* Resources.xcassets */; };
		55B9E4072195A385009E89EF /* NewsBarViewLayout.swift in Sources */ = {isa = PBXBuildFile; fileRef = 55B9E4062195A385009E89EF /* NewsBarViewLayout.swift */; };
		55B9E4092195AB46009E89EF /* NewsHeaderView.swift in Sources */ = {isa = PBXBuildFile; fileRef = 55B9E4082195AB46009E89EF /* NewsHeaderView.swift */; };
		55B9E40B2195AFC2009E89EF /* NewsHeaderViewLayout.swift in Sources */ = {isa = PBXBuildFile; fileRef = 55B9E40A2195AFC2009E89EF /* NewsHeaderViewLayout.swift */; };
		55B9E4112195BDB3009E89EF /* UIImage+Helpers.swift in Sources */ = {isa = PBXBuildFile; fileRef = 55B9E4102195BDB3009E89EF /* UIImage+Helpers.swift */; };
		55B9E4172195C29A009E89EF /* NewsCellController.swift in Sources */ = {isa = PBXBuildFile; fileRef = 55B9E4162195C29A009E89EF /* NewsCellController.swift */; };
		55B9E4192195C9B2009E89EF /* NewsCellLayout.swift in Sources */ = {isa = PBXBuildFile; fileRef = 55B9E4182195C9B2009E89EF /* NewsCellLayout.swift */; };
/* End PBXBuildFile section */

/* Begin PBXContainerItemProxy section */
		55B9E3CD2194DCAC009E89EF /* PBXContainerItemProxy */ = {
			isa = PBXContainerItemProxy;
			containerPortal = 55B9E3B02194DCA9009E89EF /* Project object */;
			proxyType = 1;
			remoteGlobalIDString = 55B9E3B72194DCA9009E89EF;
			remoteInfo = VKContest;
		};
/* End PBXContainerItemProxy section */

/* Begin PBXFileReference section */
		554938ED2198AF32008E9F1A /* NewsMultiplePhotoViewCell.swift */ = {isa = PBXFileReference; lastKnownFileType = sourcecode.swift; path = NewsMultiplePhotoViewCell.swift; sourceTree = "<group>"; };
		55961EC72195CE0A00784F09 /* NewsTextViewLayout.swift */ = {isa = PBXFileReference; lastKnownFileType = sourcecode.swift; path = NewsTextViewLayout.swift; sourceTree = "<group>"; };
		55B47CE42195E884005A42D5 /* UIColor+Styles.swift */ = {isa = PBXFileReference; lastKnownFileType = sourcecode.swift; path = "UIColor+Styles.swift"; sourceTree = "<group>"; };
		55B47CE62195F10C005A42D5 /* CGSize+Helpers.swift */ = {isa = PBXFileReference; lastKnownFileType = sourcecode.swift; path = "CGSize+Helpers.swift"; sourceTree = "<group>"; };
		55B47CF02195FCE2005A42D5 /* UIColor+Helpers.swift */ = {isa = PBXFileReference; lastKnownFileType = sourcecode.swift; path = "UIColor+Helpers.swift"; sourceTree = "<group>"; };
		55B47CF22195FE7A005A42D5 /* UIFont+Styles.swift */ = {isa = PBXFileReference; lastKnownFileType = sourcecode.swift; path = "UIFont+Styles.swift"; sourceTree = "<group>"; };
		55B47CF821961062005A42D5 /* UIButton+Helpers.swift */ = {isa = PBXFileReference; lastKnownFileType = sourcecode.swift; path = "UIButton+Helpers.swift"; sourceTree = "<group>"; };
		55B47D02219641EC005A42D5 /* NewsTextView.swift */ = {isa = PBXFileReference; lastKnownFileType = sourcecode.swift; path = NewsTextView.swift; sourceTree = "<group>"; };
		55B47D082196E96E005A42D5 /* AuthorizationService.swift */ = {isa = PBXFileReference; lastKnownFileType = sourcecode.swift; path = AuthorizationService.swift; sourceTree = "<group>"; };
		55B47D0A2196E97D005A42D5 /* AuthorizationViewController.swift */ = {isa = PBXFileReference; lastKnownFileType = sourcecode.swift; path = AuthorizationViewController.swift; sourceTree = "<group>"; };
		55B47D0D2196EBBF005A42D5 /* Router.swift */ = {isa = PBXFileReference; lastKnownFileType = sourcecode.swift; path = Router.swift; sourceTree = "<group>"; };
		55B47D1421970C4C005A42D5 /* NetworkService.swift */ = {isa = PBXFileReference; lastKnownFileType = sourcecode.swift; path = NetworkService.swift; sourceTree = "<group>"; };
		55B47D1621970C5A005A42D5 /* GetNewsRequest.swift */ = {isa = PBXFileReference; lastKnownFileType = sourcecode.swift; path = GetNewsRequest.swift; sourceTree = "<group>"; };
		55B47D1821970E6E005A42D5 /* NetworkRequest.swift */ = {isa = PBXFileReference; lastKnownFileType = sourcecode.swift; path = NetworkRequest.swift; sourceTree = "<group>"; };
		55B47D1A219713F8005A42D5 /* GetNewsResponse.swift */ = {isa = PBXFileReference; lastKnownFileType = sourcecode.swift; path = GetNewsResponse.swift; sourceTree = "<group>"; };
		55B47D1C219720F4005A42D5 /* NewsItem.swift */ = {isa = PBXFileReference; lastKnownFileType = sourcecode.swift; path = NewsItem.swift; sourceTree = "<group>"; };
		55B47D1F219723CF005A42D5 /* NewsComments.swift */ = {isa = PBXFileReference; lastKnownFileType = sourcecode.swift; path = NewsComments.swift; sourceTree = "<group>"; };
		55B47D21219723F2005A42D5 /* NewsLikes.swift */ = {isa = PBXFileReference; lastKnownFileType = sourcecode.swift; path = NewsLikes.swift; sourceTree = "<group>"; };
		55B47D2321972415005A42D5 /* NewsReposts.swift */ = {isa = PBXFileReference; lastKnownFileType = sourcecode.swift; path = NewsReposts.swift; sourceTree = "<group>"; };
		55B47D2521972482005A42D5 /* NewsViews.swift */ = {isa = PBXFileReference; lastKnownFileType = sourcecode.swift; path = NewsViews.swift; sourceTree = "<group>"; };
		55B47D2721972E03005A42D5 /* NewsFeedViewModel.swift */ = {isa = PBXFileReference; lastKnownFileType = sourcecode.swift; path = NewsFeedViewModel.swift; sourceTree = "<group>"; };
		55B47D2921973B49005A42D5 /* CGFloat+Helpers.swift */ = {isa = PBXFileReference; lastKnownFileType = sourcecode.swift; path = "CGFloat+Helpers.swift"; sourceTree = "<group>"; };
		55B47D31219828CB005A42D5 /* Profile.swift */ = {isa = PBXFileReference; lastKnownFileType = sourcecode.swift; path = Profile.swift; sourceTree = "<group>"; };
		55B47D3321982971005A42D5 /* Group.swift */ = {isa = PBXFileReference; lastKnownFileType = sourcecode.swift; path = Group.swift; sourceTree = "<group>"; };
		55B47D3721983B82005A42D5 /* Observable.swift */ = {isa = PBXFileReference; lastKnownFileType = sourcecode.swift; path = Observable.swift; sourceTree = "<group>"; };
		55B47D3A21984817005A42D5 /* ImagesService.swift */ = {isa = PBXFileReference; lastKnownFileType = sourcecode.swift; path = ImagesService.swift; sourceTree = "<group>"; };
		55B47D412198583F005A42D5 /* CellController.swift */ = {isa = PBXFileReference; lastKnownFileType = sourcecode.swift; path = CellController.swift; sourceTree = "<group>"; };
		55B47D4321985B22005A42D5 /* LoadingIndicatorCellController.swift */ = {isa = PBXFileReference; lastKnownFileType = sourcecode.swift; path = LoadingIndicatorCellController.swift; sourceTree = "<group>"; };
		55B47D4521985B5A005A42D5 /* LoadingIndicatorCell.swift */ = {isa = PBXFileReference; lastKnownFileType = sourcecode.swift; path = LoadingIndicatorCell.swift; sourceTree = "<group>"; };
		55B47D4721987544005A42D5 /* NewsAttachment.swift */ = {isa = PBXFileReference; lastKnownFileType = sourcecode.swift; path = NewsAttachment.swift; sourceTree = "<group>"; };
		55B47D49219876C3005A42D5 /* Photo.swift */ = {isa = PBXFileReference; lastKnownFileType = sourcecode.swift; path = Photo.swift; sourceTree = "<group>"; };
		55B47D4B219876FB005A42D5 /* PhotoSize.swift */ = {isa = PBXFileReference; lastKnownFileType = sourcecode.swift; path = PhotoSize.swift; sourceTree = "<group>"; };
		55B47D5821989011005A42D5 /* NewsSinglePhotoView.swift */ = {isa = PBXFileReference; lastKnownFileType = sourcecode.swift; path = NewsSinglePhotoView.swift; sourceTree = "<group>"; };
		55B47D5B21989035005A42D5 /* NewsSinglePhotoViewModel.swift */ = {isa = PBXFileReference; lastKnownFileType = sourcecode.swift; path = NewsSinglePhotoViewModel.swift; sourceTree = "<group>"; };
		55B47D62219894E4005A42D5 /* NewsMultiplePhotoView.swift */ = {isa = PBXFileReference; lastKnownFileType = sourcecode.swift; path = NewsMultiplePhotoView.swift; sourceTree = "<group>"; };
		55B47D682198A404005A42D5 /* NewsMultiplePhotoViewLayout.swift */ = {isa = PBXFileReference; lastKnownFileType = sourcecode.swift; path = NewsMultiplePhotoViewLayout.swift; sourceTree = "<group>"; };
		55B9E3B82194DCA9009E89EF /* VKContest.app */ = {isa = PBXFileReference; explicitFileType = wrapper.application; includeInIndex = 0; path = VKContest.app; sourceTree = BUILT_PRODUCTS_DIR; };
		55B9E3BB2194DCA9009E89EF /* AppDelegate.swift */ = {isa = PBXFileReference; lastKnownFileType = sourcecode.swift; path = AppDelegate.swift; sourceTree = "<group>"; };
		55B9E3BD2194DCA9009E89EF /* NewsFeedViewController.swift */ = {isa = PBXFileReference; lastKnownFileType = sourcecode.swift; path = NewsFeedViewController.swift; sourceTree = "<group>"; };
		55B9E3C22194DCAB009E89EF /* Assets.xcassets */ = {isa = PBXFileReference; lastKnownFileType = folder.assetcatalog; path = Assets.xcassets; sourceTree = "<group>"; };
		55B9E3C52194DCAB009E89EF /* Base */ = {isa = PBXFileReference; lastKnownFileType = file.storyboard; name = Base; path = Base.lproj/LaunchScreen.storyboard; sourceTree = "<group>"; };
		55B9E3C72194DCAB009E89EF /* Info.plist */ = {isa = PBXFileReference; lastKnownFileType = text.plist.xml; path = Info.plist; sourceTree = "<group>"; };
		55B9E3CC2194DCAC009E89EF /* VKContestTests.xctest */ = {isa = PBXFileReference; explicitFileType = wrapper.cfbundle; includeInIndex = 0; path = VKContestTests.xctest; sourceTree = BUILT_PRODUCTS_DIR; };
		55B9E3D02194DCAC009E89EF /* VKContestTests.swift */ = {isa = PBXFileReference; lastKnownFileType = sourcecode.swift; path = VKContestTests.swift; sourceTree = "<group>"; };
		55B9E3D22194DCAC009E89EF /* Info.plist */ = {isa = PBXFileReference; lastKnownFileType = text.plist.xml; path = Info.plist; sourceTree = "<group>"; };
		55B9E3E52194E914009E89EF /* VKSdkFramework.framework */ = {isa = PBXFileReference; lastKnownFileType = wrapper.framework; name = VKSdkFramework.framework; path = Frameworks/Carthage/Build/iOS/VKSdkFramework.framework; sourceTree = "<group>"; };
		55B9E3F42195887F009E89EF /* NewsFeedContainerViewController.swift */ = {isa = PBXFileReference; lastKnownFileType = sourcecode.swift; path = NewsFeedContainerViewController.swift; sourceTree = "<group>"; };
		55B9E3FA21958A38009E89EF /* UIViewController+Helpers.swift */ = {isa = PBXFileReference; lastKnownFileType = sourcecode.swift; path = "UIViewController+Helpers.swift"; sourceTree = "<group>"; };
		55B9E3FC219596BE009E89EF /* NewsCell.swift */ = {isa = PBXFileReference; lastKnownFileType = sourcecode.swift; path = NewsCell.swift; sourceTree = "<group>"; };
		55B9E40121959CC4009E89EF /* NewsBarView.swift */ = {isa = PBXFileReference; lastKnownFileType = sourcecode.swift; path = NewsBarView.swift; sourceTree = "<group>"; };
		55B9E40421959E0A009E89EF /* Resources.xcassets */ = {isa = PBXFileReference; lastKnownFileType = folder.assetcatalog; path = Resources.xcassets; sourceTree = "<group>"; };
		55B9E4062195A385009E89EF /* NewsBarViewLayout.swift */ = {isa = PBXFileReference; lastKnownFileType = sourcecode.swift; path = NewsBarViewLayout.swift; sourceTree = "<group>"; };
		55B9E4082195AB46009E89EF /* NewsHeaderView.swift */ = {isa = PBXFileReference; lastKnownFileType = sourcecode.swift; path = NewsHeaderView.swift; sourceTree = "<group>"; };
		55B9E40A2195AFC2009E89EF /* NewsHeaderViewLayout.swift */ = {isa = PBXFileReference; lastKnownFileType = sourcecode.swift; path = NewsHeaderViewLayout.swift; sourceTree = "<group>"; };
		55B9E4102195BDB3009E89EF /* UIImage+Helpers.swift */ = {isa = PBXFileReference; lastKnownFileType = sourcecode.swift; path = "UIImage+Helpers.swift"; sourceTree = "<group>"; };
		55B9E4162195C29A009E89EF /* NewsCellController.swift */ = {isa = PBXFileReference; lastKnownFileType = sourcecode.swift; path = NewsCellController.swift; sourceTree = "<group>"; };
		55B9E4182195C9B2009E89EF /* NewsCellLayout.swift */ = {isa = PBXFileReference; lastKnownFileType = sourcecode.swift; path = NewsCellLayout.swift; sourceTree = "<group>"; };
/* End PBXFileReference section */

/* Begin PBXFrameworksBuildPhase section */
		55B9E3B52194DCA9009E89EF /* Frameworks */ = {
			isa = PBXFrameworksBuildPhase;
			buildActionMask = 2147483647;
			files = (
				55B9E3E62194E914009E89EF /* VKSdkFramework.framework in Frameworks */,
			);
			runOnlyForDeploymentPostprocessing = 0;
		};
		55B9E3C92194DCAB009E89EF /* Frameworks */ = {
			isa = PBXFrameworksBuildPhase;
			buildActionMask = 2147483647;
			files = (
			);
			runOnlyForDeploymentPostprocessing = 0;
		};
/* End PBXFrameworksBuildPhase section */

/* Begin PBXGroup section */
		55B47CFE21961F23005A42D5 /* Helpers */ = {
			isa = PBXGroup;
			children = (
				55B47D2921973B49005A42D5 /* CGFloat+Helpers.swift */,
				55B47CE62195F10C005A42D5 /* CGSize+Helpers.swift */,
				55B47D3721983B82005A42D5 /* Observable.swift */,
				55B47CF821961062005A42D5 /* UIButton+Helpers.swift */,
				55B47CF02195FCE2005A42D5 /* UIColor+Helpers.swift */,
				55B9E4102195BDB3009E89EF /* UIImage+Helpers.swift */,
				55B9E3FA21958A38009E89EF /* UIViewController+Helpers.swift */,
			);
			path = Helpers;
			sourceTree = "<group>";
		};
		55B47D072196E937005A42D5 /* Authorization */ = {
			isa = PBXGroup;
			children = (
				55B47D082196E96E005A42D5 /* AuthorizationService.swift */,
				55B47D0A2196E97D005A42D5 /* AuthorizationViewController.swift */,
			);
			path = Authorization;
			sourceTree = "<group>";
		};
		55B47D0C2196EB9C005A42D5 /* Routing */ = {
			isa = PBXGroup;
			children = (
				55B47D0D2196EBBF005A42D5 /* Router.swift */,
			);
			path = Routing;
			sourceTree = "<group>";
		};
		55B47D1321970B5D005A42D5 /* Network */ = {
			isa = PBXGroup;
			children = (
				55B47D1821970E6E005A42D5 /* NetworkRequest.swift */,
				55B47D1421970C4C005A42D5 /* NetworkService.swift */,
				55B47D1621970C5A005A42D5 /* GetNewsRequest.swift */,
				55B47D1A219713F8005A42D5 /* GetNewsResponse.swift */,
			);
			path = Network;
			sourceTree = "<group>";
		};
		55B47D1E2197215A005A42D5 /* Models */ = {
			isa = PBXGroup;
			children = (
				55B47D4721987544005A42D5 /* NewsAttachment.swift */,
				55B47D1C219720F4005A42D5 /* NewsItem.swift */,
				55B47D1F219723CF005A42D5 /* NewsComments.swift */,
				55B47D21219723F2005A42D5 /* NewsLikes.swift */,
				55B47D2321972415005A42D5 /* NewsReposts.swift */,
				55B47D2521972482005A42D5 /* NewsViews.swift */,
				55B47D49219876C3005A42D5 /* Photo.swift */,
				55B47D4B219876FB005A42D5 /* PhotoSize.swift */,
				55B47D31219828CB005A42D5 /* Profile.swift */,
				55B47D3321982971005A42D5 /* Group.swift */,
			);
			path = Models;
			sourceTree = "<group>";
		};
		55B47D3921984803005A42D5 /* Images */ = {
			isa = PBXGroup;
			children = (
				55B47D3A21984817005A42D5 /* ImagesService.swift */,
			);
			path = Images;
			sourceTree = "<group>";
		};
		55B47D40219857F6005A42D5 /* NewsFeed */ = {
			isa = PBXGroup;
			children = (
				55B47D4D21987924005A42D5 /* Cells */,
				55B9E3F42195887F009E89EF /* NewsFeedContainerViewController.swift */,
				55B9E3BD2194DCA9009E89EF /* NewsFeedViewController.swift */,
				55B47D2721972E03005A42D5 /* NewsFeedViewModel.swift */,
			);
			path = NewsFeed;
			sourceTree = "<group>";
		};
		55B47D4D21987924005A42D5 /* Cells */ = {
			isa = PBXGroup;
			children = (
				55B47D4F21987940005A42D5 /* Item */,
				55B47D4E2198792D005A42D5 /* Loading Indicator */,
				55B47D412198583F005A42D5 /* CellController.swift */,
			);
			path = Cells;
			sourceTree = "<group>";
		};
		55B47D4E2198792D005A42D5 /* Loading Indicator */ = {
			isa = PBXGroup;
			children = (
				55B47D4521985B5A005A42D5 /* LoadingIndicatorCell.swift */,
				55B47D4321985B22005A42D5 /* LoadingIndicatorCellController.swift */,
			);
			path = "Loading Indicator";
			sourceTree = "<group>";
		};
		55B47D4F21987940005A42D5 /* Item */ = {
			isa = PBXGroup;
			children = (
				55B47D5121987960005A42D5 /* Bar */,
				55B47D522198796B005A42D5 /* Header */,
				55B47D5721988FFC005A42D5 /* SinglePhoto */,
				55B47D61219894D5005A42D5 /* MultiplePhoto */,
				55B47D5321987975005A42D5 /* Text */,
				55B9E3FC219596BE009E89EF /* NewsCell.swift */,
				55B9E4182195C9B2009E89EF /* NewsCellLayout.swift */,
				55B9E4162195C29A009E89EF /* NewsCellController.swift */,
			);
			path = Item;
			sourceTree = "<group>";
		};
		55B47D5121987960005A42D5 /* Bar */ = {
			isa = PBXGroup;
			children = (
				55B9E40121959CC4009E89EF /* NewsBarView.swift */,
				55B9E4062195A385009E89EF /* NewsBarViewLayout.swift */,
			);
			path = Bar;
			sourceTree = "<group>";
		};
		55B47D522198796B005A42D5 /* Header */ = {
			isa = PBXGroup;
			children = (
				55B9E4082195AB46009E89EF /* NewsHeaderView.swift */,
				55B9E40A2195AFC2009E89EF /* NewsHeaderViewLayout.swift */,
			);
			path = Header;
			sourceTree = "<group>";
		};
		55B47D5321987975005A42D5 /* Text */ = {
			isa = PBXGroup;
			children = (
				55B47D02219641EC005A42D5 /* NewsTextView.swift */,
				55961EC72195CE0A00784F09 /* NewsTextViewLayout.swift */,
			);
			path = Text;
			sourceTree = "<group>";
		};
		55B47D5721988FFC005A42D5 /* SinglePhoto */ = {
			isa = PBXGroup;
			children = (
				55B47D5821989011005A42D5 /* NewsSinglePhotoView.swift */,
				55B47D5B21989035005A42D5 /* NewsSinglePhotoViewModel.swift */,
			);
			path = SinglePhoto;
			sourceTree = "<group>";
		};
		55B47D61219894D5005A42D5 /* MultiplePhoto */ = {
			isa = PBXGroup;
			children = (
				55B47D62219894E4005A42D5 /* NewsMultiplePhotoView.swift */,
				55B47D682198A404005A42D5 /* NewsMultiplePhotoViewLayout.swift */,
				554938ED2198AF32008E9F1A /* NewsMultiplePhotoViewCell.swift */,
			);
			path = MultiplePhoto;
			sourceTree = "<group>";
		};
		55B9E3AF2194DCA9009E89EF = {
			isa = PBXGroup;
			children = (
				55B9E3E52194E914009E89EF /* VKSdkFramework.framework */,
				55B9E3BA2194DCA9009E89EF /* VKContest */,
				55B9E3CF2194DCAC009E89EF /* VKContestTests */,
				55B9E3B92194DCA9009E89EF /* Products */,
			);
			sourceTree = "<group>";
		};
		55B9E3B92194DCA9009E89EF /* Products */ = {
			isa = PBXGroup;
			children = (
				55B9E3B82194DCA9009E89EF /* VKContest.app */,
				55B9E3CC2194DCAC009E89EF /* VKContestTests.xctest */,
			);
			name = Products;
			sourceTree = "<group>";
		};
		55B9E3BA2194DCA9009E89EF /* VKContest */ = {
			isa = PBXGroup;
			children = (
				55B47D072196E937005A42D5 /* Authorization */,
				55B47CFE21961F23005A42D5 /* Helpers */,
				55B47D3921984803005A42D5 /* Images */,
				55B47D1321970B5D005A42D5 /* Network */,
				55B47D40219857F6005A42D5 /* NewsFeed */,
				55B47D1E2197215A005A42D5 /* Models */,
				55B9E40321959DF5009E89EF /* Resources */,
				55B47D0C2196EB9C005A42D5 /* Routing */,
				55B9E40021959757009E89EF /* Styles */,
				55B9E3BB2194DCA9009E89EF /* AppDelegate.swift */,
				55B9E3C22194DCAB009E89EF /* Assets.xcassets */,
				55B9E3C42194DCAB009E89EF /* LaunchScreen.storyboard */,
				55B9E3C72194DCAB009E89EF /* Info.plist */,
			);
			path = VKContest;
			sourceTree = "<group>";
		};
		55B9E3CF2194DCAC009E89EF /* VKContestTests */ = {
			isa = PBXGroup;
			children = (
				55B9E3D02194DCAC009E89EF /* VKContestTests.swift */,
				55B9E3D22194DCAC009E89EF /* Info.plist */,
			);
			path = VKContestTests;
			sourceTree = "<group>";
		};
		55B9E40021959757009E89EF /* Styles */ = {
			isa = PBXGroup;
			children = (
				55B47CE42195E884005A42D5 /* UIColor+Styles.swift */,
				55B47CF22195FE7A005A42D5 /* UIFont+Styles.swift */,
			);
			path = Styles;
			sourceTree = "<group>";
		};
		55B9E40321959DF5009E89EF /* Resources */ = {
			isa = PBXGroup;
			children = (
				55B9E40421959E0A009E89EF /* Resources.xcassets */,
			);
			path = Resources;
			sourceTree = "<group>";
		};
/* End PBXGroup section */

/* Begin PBXNativeTarget section */
		55B9E3B72194DCA9009E89EF /* VKContest */ = {
			isa = PBXNativeTarget;
			buildConfigurationList = 55B9E3D52194DCAC009E89EF /* Build configuration list for PBXNativeTarget "VKContest" */;
			buildPhases = (
				55B9E3B42194DCA9009E89EF /* Sources */,
				55B9E3B52194DCA9009E89EF /* Frameworks */,
				55B9E3B62194DCA9009E89EF /* Resources */,
				55B9E3E72194E91F009E89EF /* Copy Carthage Frameworks */,
			);
			buildRules = (
			);
			dependencies = (
			);
			name = VKContest;
			productName = VKContest;
			productReference = 55B9E3B82194DCA9009E89EF /* VKContest.app */;
			productType = "com.apple.product-type.application";
		};
		55B9E3CB2194DCAB009E89EF /* VKContestTests */ = {
			isa = PBXNativeTarget;
			buildConfigurationList = 55B9E3D82194DCAC009E89EF /* Build configuration list for PBXNativeTarget "VKContestTests" */;
			buildPhases = (
				55B9E3C82194DCAB009E89EF /* Sources */,
				55B9E3C92194DCAB009E89EF /* Frameworks */,
				55B9E3CA2194DCAB009E89EF /* Resources */,
			);
			buildRules = (
			);
			dependencies = (
				55B9E3CE2194DCAC009E89EF /* PBXTargetDependency */,
			);
			name = VKContestTests;
			productName = VKContestTests;
			productReference = 55B9E3CC2194DCAC009E89EF /* VKContestTests.xctest */;
			productType = "com.apple.product-type.bundle.unit-test";
		};
/* End PBXNativeTarget section */

/* Begin PBXProject section */
		55B9E3B02194DCA9009E89EF /* Project object */ = {
			isa = PBXProject;
			attributes = {
				LastSwiftUpdateCheck = 1010;
				LastUpgradeCheck = 1010;
				ORGANIZATIONNAME = "Anton Shchukin";
				TargetAttributes = {
					55B9E3B72194DCA9009E89EF = {
						CreatedOnToolsVersion = 10.1;
					};
					55B9E3CB2194DCAB009E89EF = {
						CreatedOnToolsVersion = 10.1;
						TestTargetID = 55B9E3B72194DCA9009E89EF;
					};
				};
			};
			buildConfigurationList = 55B9E3B32194DCA9009E89EF /* Build configuration list for PBXProject "VKContest" */;
			compatibilityVersion = "Xcode 9.3";
			developmentRegion = en;
			hasScannedForEncodings = 0;
			knownRegions = (
				en,
				Base,
			);
			mainGroup = 55B9E3AF2194DCA9009E89EF;
			productRefGroup = 55B9E3B92194DCA9009E89EF /* Products */;
			projectDirPath = "";
			projectRoot = "";
			targets = (
				55B9E3B72194DCA9009E89EF /* VKContest */,
				55B9E3CB2194DCAB009E89EF /* VKContestTests */,
			);
		};
/* End PBXProject section */

/* Begin PBXResourcesBuildPhase section */
		55B9E3B62194DCA9009E89EF /* Resources */ = {
			isa = PBXResourcesBuildPhase;
			buildActionMask = 2147483647;
			files = (
				55B9E40521959E0A009E89EF /* Resources.xcassets in Resources */,
				55B9E3C62194DCAB009E89EF /* LaunchScreen.storyboard in Resources */,
				55B9E3C32194DCAB009E89EF /* Assets.xcassets in Resources */,
			);
			runOnlyForDeploymentPostprocessing = 0;
		};
		55B9E3CA2194DCAB009E89EF /* Resources */ = {
			isa = PBXResourcesBuildPhase;
			buildActionMask = 2147483647;
			files = (
			);
			runOnlyForDeploymentPostprocessing = 0;
		};
/* End PBXResourcesBuildPhase section */

/* Begin PBXShellScriptBuildPhase section */
		55B9E3E72194E91F009E89EF /* Copy Carthage Frameworks */ = {
			isa = PBXShellScriptBuildPhase;
			buildActionMask = 2147483647;
			files = (
			);
			inputFileListPaths = (
			);
			inputPaths = (
				"$(SRCROOT)/Frameworks/Carthage/Build/iOS/VKSdkFramework.framework",
			);
			name = "Copy Carthage Frameworks";
			outputFileListPaths = (
			);
			outputPaths = (
				"$(BUILT_PRODUCTS_DIR)/$(FRAMEWORKS_FOLDER_PATH)/VKSdkFramework.framework",
			);
			runOnlyForDeploymentPostprocessing = 0;
			shellPath = /bin/sh;
			shellScript = "/usr/local/bin/carthage copy-frameworks\n";
		};
/* End PBXShellScriptBuildPhase section */

/* Begin PBXSourcesBuildPhase section */
		55B9E3B42194DCA9009E89EF /* Sources */ = {
			isa = PBXSourcesBuildPhase;
			buildActionMask = 2147483647;
			files = (
				55B47D4A219876C3005A42D5 /* Photo.swift in Sources */,
				55B47D0E2196EBBF005A42D5 /* Router.swift in Sources */,
				55B47D0B2196E97D005A42D5 /* AuthorizationViewController.swift in Sources */,
				55B47D1521970C4C005A42D5 /* NetworkService.swift in Sources */,
				55B9E40B2195AFC2009E89EF /* NewsHeaderViewLayout.swift in Sources */,
				55B47D3821983B82005A42D5 /* Observable.swift in Sources */,
				55B47D2621972482005A42D5 /* NewsViews.swift in Sources */,
				55B9E4192195C9B2009E89EF /* NewsCellLayout.swift in Sources */,
				55B47D1721970C5A005A42D5 /* GetNewsRequest.swift in Sources */,
				55B9E40221959CC4009E89EF /* NewsBarView.swift in Sources */,
				55B47CF32195FE7A005A42D5 /* UIFont+Styles.swift in Sources */,
				55B47D5C21989035005A42D5 /* NewsSinglePhotoViewModel.swift in Sources */,
				55B9E3FB21958A38009E89EF /* UIViewController+Helpers.swift in Sources */,
				55B47D5921989011005A42D5 /* NewsSinglePhotoView.swift in Sources */,
				55B9E3F52195887F009E89EF /* NewsFeedContainerViewController.swift in Sources */,
				55B47D22219723F2005A42D5 /* NewsLikes.swift in Sources */,
				55B47D2421972415005A42D5 /* NewsReposts.swift in Sources */,
				55B47D32219828CB005A42D5 /* Profile.swift in Sources */,
				55B47CE52195E884005A42D5 /* UIColor+Styles.swift in Sources */,
				55B9E4172195C29A009E89EF /* NewsCellController.swift in Sources */,
				55B47D422198583F005A42D5 /* CellController.swift in Sources */,
				55B47D2821972E03005A42D5 /* NewsFeedViewModel.swift in Sources */,
				55B47D20219723CF005A42D5 /* NewsComments.swift in Sources */,
				55B9E3FD219596BE009E89EF /* NewsCell.swift in Sources */,
				554938EE2198AF32008E9F1A /* NewsMultiplePhotoViewCell.swift in Sources */,
				55B47D03219641EC005A42D5 /* NewsTextView.swift in Sources */,
				55B9E4092195AB46009E89EF /* NewsHeaderView.swift in Sources */,
				55B47D092196E96E005A42D5 /* AuthorizationService.swift in Sources */,
				55B9E4112195BDB3009E89EF /* UIImage+Helpers.swift in Sources */,
				55B9E4072195A385009E89EF /* NewsBarViewLayout.swift in Sources */,
				55B47D63219894E4005A42D5 /* NewsMultiplePhotoView.swift in Sources */,
				55B47D1B219713F8005A42D5 /* GetNewsResponse.swift in Sources */,
				55B47CF12195FCE2005A42D5 /* UIColor+Helpers.swift in Sources */,
				55B47D3421982971005A42D5 /* Group.swift in Sources */,
				55B47CF921961062005A42D5 /* UIButton+Helpers.swift in Sources */,
				55B47CE72195F10C005A42D5 /* CGSize+Helpers.swift in Sources */,
				55B47D4421985B22005A42D5 /* LoadingIndicatorCellController.swift in Sources */,
				55B47D4621985B5A005A42D5 /* LoadingIndicatorCell.swift in Sources */,
				55961EC82195CE0A00784F09 /* NewsTextViewLayout.swift in Sources */,
				55B9E3BE2194DCA9009E89EF /* NewsFeedViewController.swift in Sources */,
				55B9E3BC2194DCA9009E89EF /* AppDelegate.swift in Sources */,
				55B47D3B21984817005A42D5 /* ImagesService.swift in Sources */,
				55B47D1D219720F4005A42D5 /* NewsItem.swift in Sources */,
				55B47D4C219876FB005A42D5 /* PhotoSize.swift in Sources */,
				55B47D4821987544005A42D5 /* NewsAttachment.swift in Sources */,
				55B47D2A21973B49005A42D5 /* CGFloat+Helpers.swift in Sources */,
				55B47D1921970E6E005A42D5 /* NetworkRequest.swift in Sources */,
				55B47D692198A404005A42D5 /* NewsMultiplePhotoViewLayout.swift in Sources */,
			);
			runOnlyForDeploymentPostprocessing = 0;
		};
		55B9E3C82194DCAB009E89EF /* Sources */ = {
			isa = PBXSourcesBuildPhase;
			buildActionMask = 2147483647;
			files = (
				55B9E3D12194DCAC009E89EF /* VKContestTests.swift in Sources */,
			);
			runOnlyForDeploymentPostprocessing = 0;
		};
/* End PBXSourcesBuildPhase section */

/* Begin PBXTargetDependency section */
		55B9E3CE2194DCAC009E89EF /* PBXTargetDependency */ = {
			isa = PBXTargetDependency;
			target = 55B9E3B72194DCA9009E89EF /* VKContest */;
			targetProxy = 55B9E3CD2194DCAC009E89EF /* PBXContainerItemProxy */;
		};
/* End PBXTargetDependency section */

/* Begin PBXVariantGroup section */
		55B9E3C42194DCAB009E89EF /* LaunchScreen.storyboard */ = {
			isa = PBXVariantGroup;
			children = (
				55B9E3C52194DCAB009E89EF /* Base */,
			);
			name = LaunchScreen.storyboard;
			sourceTree = "<group>";
		};
/* End PBXVariantGroup section */

/* Begin XCBuildConfiguration section */
		55B9E3D32194DCAC009E89EF /* Debug */ = {
			isa = XCBuildConfiguration;
			buildSettings = {
				ALWAYS_SEARCH_USER_PATHS = NO;
				CLANG_ANALYZER_NONNULL = YES;
				CLANG_ANALYZER_NUMBER_OBJECT_CONVERSION = YES_AGGRESSIVE;
				CLANG_CXX_LANGUAGE_STANDARD = "gnu++14";
				CLANG_CXX_LIBRARY = "libc++";
				CLANG_ENABLE_MODULES = YES;
				CLANG_ENABLE_OBJC_ARC = YES;
				CLANG_ENABLE_OBJC_WEAK = YES;
				CLANG_WARN_BLOCK_CAPTURE_AUTORELEASING = YES;
				CLANG_WARN_BOOL_CONVERSION = YES;
				CLANG_WARN_COMMA = YES;
				CLANG_WARN_CONSTANT_CONVERSION = YES;
				CLANG_WARN_DEPRECATED_OBJC_IMPLEMENTATIONS = YES;
				CLANG_WARN_DIRECT_OBJC_ISA_USAGE = YES_ERROR;
				CLANG_WARN_DOCUMENTATION_COMMENTS = YES;
				CLANG_WARN_EMPTY_BODY = YES;
				CLANG_WARN_ENUM_CONVERSION = YES;
				CLANG_WARN_INFINITE_RECURSION = YES;
				CLANG_WARN_INT_CONVERSION = YES;
				CLANG_WARN_NON_LITERAL_NULL_CONVERSION = YES;
				CLANG_WARN_OBJC_IMPLICIT_RETAIN_SELF = YES;
				CLANG_WARN_OBJC_LITERAL_CONVERSION = YES;
				CLANG_WARN_OBJC_ROOT_CLASS = YES_ERROR;
				CLANG_WARN_RANGE_LOOP_ANALYSIS = YES;
				CLANG_WARN_STRICT_PROTOTYPES = YES;
				CLANG_WARN_SUSPICIOUS_MOVE = YES;
				CLANG_WARN_UNGUARDED_AVAILABILITY = YES_AGGRESSIVE;
				CLANG_WARN_UNREACHABLE_CODE = YES;
				CLANG_WARN__DUPLICATE_METHOD_MATCH = YES;
				CODE_SIGN_IDENTITY = "iPhone Developer";
				COPY_PHASE_STRIP = NO;
				DEBUG_INFORMATION_FORMAT = dwarf;
				ENABLE_STRICT_OBJC_MSGSEND = YES;
				ENABLE_TESTABILITY = YES;
				GCC_C_LANGUAGE_STANDARD = gnu11;
				GCC_DYNAMIC_NO_PIC = NO;
				GCC_NO_COMMON_BLOCKS = YES;
				GCC_OPTIMIZATION_LEVEL = 0;
				GCC_PREPROCESSOR_DEFINITIONS = (
					"DEBUG=1",
					"$(inherited)",
				);
				GCC_WARN_64_TO_32_BIT_CONVERSION = YES;
				GCC_WARN_ABOUT_RETURN_TYPE = YES_ERROR;
				GCC_WARN_UNDECLARED_SELECTOR = YES;
				GCC_WARN_UNINITIALIZED_AUTOS = YES_AGGRESSIVE;
				GCC_WARN_UNUSED_FUNCTION = YES;
				GCC_WARN_UNUSED_VARIABLE = YES;
				IPHONEOS_DEPLOYMENT_TARGET = 12.1;
				MTL_ENABLE_DEBUG_INFO = INCLUDE_SOURCE;
				MTL_FAST_MATH = YES;
				ONLY_ACTIVE_ARCH = YES;
				SDKROOT = iphoneos;
				SWIFT_ACTIVE_COMPILATION_CONDITIONS = DEBUG;
				SWIFT_OPTIMIZATION_LEVEL = "-Onone";
			};
			name = Debug;
		};
		55B9E3D42194DCAC009E89EF /* Release */ = {
			isa = XCBuildConfiguration;
			buildSettings = {
				ALWAYS_SEARCH_USER_PATHS = NO;
				CLANG_ANALYZER_NONNULL = YES;
				CLANG_ANALYZER_NUMBER_OBJECT_CONVERSION = YES_AGGRESSIVE;
				CLANG_CXX_LANGUAGE_STANDARD = "gnu++14";
				CLANG_CXX_LIBRARY = "libc++";
				CLANG_ENABLE_MODULES = YES;
				CLANG_ENABLE_OBJC_ARC = YES;
				CLANG_ENABLE_OBJC_WEAK = YES;
				CLANG_WARN_BLOCK_CAPTURE_AUTORELEASING = YES;
				CLANG_WARN_BOOL_CONVERSION = YES;
				CLANG_WARN_COMMA = YES;
				CLANG_WARN_CONSTANT_CONVERSION = YES;
				CLANG_WARN_DEPRECATED_OBJC_IMPLEMENTATIONS = YES;
				CLANG_WARN_DIRECT_OBJC_ISA_USAGE = YES_ERROR;
				CLANG_WARN_DOCUMENTATION_COMMENTS = YES;
				CLANG_WARN_EMPTY_BODY = YES;
				CLANG_WARN_ENUM_CONVERSION = YES;
				CLANG_WARN_INFINITE_RECURSION = YES;
				CLANG_WARN_INT_CONVERSION = YES;
				CLANG_WARN_NON_LITERAL_NULL_CONVERSION = YES;
				CLANG_WARN_OBJC_IMPLICIT_RETAIN_SELF = YES;
				CLANG_WARN_OBJC_LITERAL_CONVERSION = YES;
				CLANG_WARN_OBJC_ROOT_CLASS = YES_ERROR;
				CLANG_WARN_RANGE_LOOP_ANALYSIS = YES;
				CLANG_WARN_STRICT_PROTOTYPES = YES;
				CLANG_WARN_SUSPICIOUS_MOVE = YES;
				CLANG_WARN_UNGUARDED_AVAILABILITY = YES_AGGRESSIVE;
				CLANG_WARN_UNREACHABLE_CODE = YES;
				CLANG_WARN__DUPLICATE_METHOD_MATCH = YES;
				CODE_SIGN_IDENTITY = "iPhone Developer";
				COPY_PHASE_STRIP = NO;
				DEBUG_INFORMATION_FORMAT = "dwarf-with-dsym";
				ENABLE_NS_ASSERTIONS = NO;
				ENABLE_STRICT_OBJC_MSGSEND = YES;
				GCC_C_LANGUAGE_STANDARD = gnu11;
				GCC_NO_COMMON_BLOCKS = YES;
				GCC_WARN_64_TO_32_BIT_CONVERSION = YES;
				GCC_WARN_ABOUT_RETURN_TYPE = YES_ERROR;
				GCC_WARN_UNDECLARED_SELECTOR = YES;
				GCC_WARN_UNINITIALIZED_AUTOS = YES_AGGRESSIVE;
				GCC_WARN_UNUSED_FUNCTION = YES;
				GCC_WARN_UNUSED_VARIABLE = YES;
				IPHONEOS_DEPLOYMENT_TARGET = 12.1;
				MTL_ENABLE_DEBUG_INFO = NO;
				MTL_FAST_MATH = YES;
				SDKROOT = iphoneos;
				SWIFT_COMPILATION_MODE = wholemodule;
				SWIFT_OPTIMIZATION_LEVEL = "-O";
				VALIDATE_PRODUCT = YES;
			};
			name = Release;
		};
		55B9E3D62194DCAC009E89EF /* Debug */ = {
			isa = XCBuildConfiguration;
			buildSettings = {
				ASSETCATALOG_COMPILER_APPICON_NAME = AppIcon;
				CODE_SIGN_IDENTITY = "iPhone Developer";
				CODE_SIGN_STYLE = Automatic;
				DEVELOPMENT_TEAM = 3G72X4MFUX;
				FRAMEWORK_SEARCH_PATHS = (
					"$(inherited)",
					"$(PROJECT_DIR)/Frameworks/Carthage/Build/iOS",
				);
				INFOPLIST_FILE = VKContest/Info.plist;
				IPHONEOS_DEPLOYMENT_TARGET = 9.0;
				LD_RUNPATH_SEARCH_PATHS = (
					"$(inherited)",
					"@executable_path/Frameworks",
				);
				PRODUCT_BUNDLE_IDENTIFIER = com.antonshchukin.VKContest;
				PRODUCT_NAME = "$(TARGET_NAME)";
				PROVISIONING_PROFILE_SPECIFIER = "";
				SWIFT_VERSION = 4.2;
				TARGETED_DEVICE_FAMILY = 1;
			};
			name = Debug;
		};
		55B9E3D72194DCAC009E89EF /* Release */ = {
			isa = XCBuildConfiguration;
			buildSettings = {
				ASSETCATALOG_COMPILER_APPICON_NAME = AppIcon;
				CODE_SIGN_IDENTITY = "iPhone Developer";
				CODE_SIGN_STYLE = Automatic;
				DEVELOPMENT_TEAM = 3G72X4MFUX;
				FRAMEWORK_SEARCH_PATHS = (
					"$(inherited)",
					"$(PROJECT_DIR)/Frameworks/Carthage/Build/iOS",
				);
				INFOPLIST_FILE = VKContest/Info.plist;
				IPHONEOS_DEPLOYMENT_TARGET = 9.0;
				LD_RUNPATH_SEARCH_PATHS = (
					"$(inherited)",
					"@executable_path/Frameworks",
				);
				PRODUCT_BUNDLE_IDENTIFIER = com.antonshchukin.VKContest;
				PRODUCT_NAME = "$(TARGET_NAME)";
				PROVISIONING_PROFILE_SPECIFIER = "";
				SWIFT_VERSION = 4.2;
				TARGETED_DEVICE_FAMILY = 1;
			};
			name = Release;
		};
		55B9E3D92194DCAC009E89EF /* Debug */ = {
			isa = XCBuildConfiguration;
			buildSettings = {
				ALWAYS_EMBED_SWIFT_STANDARD_LIBRARIES = YES;
				BUNDLE_LOADER = "$(TEST_HOST)";
				CODE_SIGN_STYLE = Automatic;
				INFOPLIST_FILE = VKContestTests/Info.plist;
				LD_RUNPATH_SEARCH_PATHS = (
					"$(inherited)",
					"@executable_path/Frameworks",
					"@loader_path/Frameworks",
				);
				PRODUCT_BUNDLE_IDENTIFIER = com.antonshchukin.VKContestTests;
				PRODUCT_NAME = "$(TARGET_NAME)";
				SWIFT_VERSION = 4.2;
				TARGETED_DEVICE_FAMILY = "1,2";
				TEST_HOST = "$(BUILT_PRODUCTS_DIR)/VKContest.app/VKContest";
			};
			name = Debug;
		};
		55B9E3DA2194DCAC009E89EF /* Release */ = {
			isa = XCBuildConfiguration;
			buildSettings = {
				ALWAYS_EMBED_SWIFT_STANDARD_LIBRARIES = YES;
				BUNDLE_LOADER = "$(TEST_HOST)";
				CODE_SIGN_STYLE = Automatic;
				INFOPLIST_FILE = VKContestTests/Info.plist;
				LD_RUNPATH_SEARCH_PATHS = (
					"$(inherited)",
					"@executable_path/Frameworks",
					"@loader_path/Frameworks",
				);
				PRODUCT_BUNDLE_IDENTIFIER = com.antonshchukin.VKContestTests;
				PRODUCT_NAME = "$(TARGET_NAME)";
				SWIFT_VERSION = 4.2;
				TARGETED_DEVICE_FAMILY = "1,2";
				TEST_HOST = "$(BUILT_PRODUCTS_DIR)/VKContest.app/VKContest";
			};
			name = Release;
		};
/* End XCBuildConfiguration section */

/* Begin XCConfigurationList section */
		55B9E3B32194DCA9009E89EF /* Build configuration list for PBXProject "VKContest" */ = {
			isa = XCConfigurationList;
			buildConfigurations = (
				55B9E3D32194DCAC009E89EF /* Debug */,
				55B9E3D42194DCAC009E89EF /* Release */,
			);
			defaultConfigurationIsVisible = 0;
			defaultConfigurationName = Release;
		};
		55B9E3D52194DCAC009E89EF /* Build configuration list for PBXNativeTarget "VKContest" */ = {
			isa = XCConfigurationList;
			buildConfigurations = (
				55B9E3D62194DCAC009E89EF /* Debug */,
				55B9E3D72194DCAC009E89EF /* Release */,
			);
			defaultConfigurationIsVisible = 0;
			defaultConfigurationName = Release;
		};
		55B9E3D82194DCAC009E89EF /* Build configuration list for PBXNativeTarget "VKContestTests" */ = {
			isa = XCConfigurationList;
			buildConfigurations = (
				55B9E3D92194DCAC009E89EF /* Debug */,
				55B9E3DA2194DCAC009E89EF /* Release */,
			);
			defaultConfigurationIsVisible = 0;
			defaultConfigurationName = Release;
		};
/* End XCConfigurationList section */
	};
	rootObject = 55B9E3B02194DCA9009E89EF /* Project object */;
}
