// !$*UTF8*$!
{
	archiveVersion = 1;
	classes = {
	};
	objectVersion = 50;
	objects = {

/* Begin PBXBuildFile section */
		55B9E3BC2194DCA9009E89EF /* AppDelegate.swift in Sources */ = {isa = PBXBuildFile; fileRef = 55B9E3BB2194DCA9009E89EF /* AppDelegate.swift */; };
		55B9E3BE2194DCA9009E89EF /* NewsFeedViewController.swift in Sources */ = {isa = PBXBuildFile; fileRef = 55B9E3BD2194DCA9009E89EF /* NewsFeedViewController.swift */; };
		55B9E3C32194DCAB009E89EF /* Assets.xcassets in Resources */ = {isa = PBXBuildFile; fileRef = 55B9E3C22194DCAB009E89EF /* Assets.xcassets */; };
		55B9E3C62194DCAB009E89EF /* LaunchScreen.storyboard in Resources */ = {isa = PBXBuildFile; fileRef = 55B9E3C42194DCAB009E89EF /* LaunchScreen.storyboard */; };
		55B9E3D12194DCAC009E89EF /* VKContestTests.swift in Sources */ = {isa = PBXBuildFile; fileRef = 55B9E3D02194DCAC009E89EF /* VKContestTests.swift */; };
		55B9E3E62194E914009E89EF /* VKSdkFramework.framework in Frameworks */ = {isa = PBXBuildFile; fileRef = 55B9E3E52194E914009E89EF /* VKSdkFramework.framework */; };
		55B9E3F52195887F009E89EF /* MainViewController.swift in Sources */ = {isa = PBXBuildFile; fileRef = 55B9E3F42195887F009E89EF /* MainViewController.swift */; };
		55B9E3FB21958A38009E89EF /* UIViewController+Helpers.swift in Sources */ = {isa = PBXBuildFile; fileRef = 55B9E3FA21958A38009E89EF /* UIViewController+Helpers.swift */; };
		55B9E3FD219596BE009E89EF /* NewsCell.swift in Sources */ = {isa = PBXBuildFile; fileRef = 55B9E3FC219596BE009E89EF /* NewsCell.swift */; };
		55B9E40221959CC4009E89EF /* NewsBarView.swift in Sources */ = {isa = PBXBuildFile; fileRef = 55B9E40121959CC4009E89EF /* NewsBarView.swift */; };
		55B9E40521959E0A009E89EF /* Resources.xcassets in Resources */ = {isa = PBXBuildFile; fileRef = 55B9E40421959E0A009E89EF /* Resources.xcassets */; };
		55B9E4072195A385009E89EF /* NewsBarViewLayout.swift in Sources */ = {isa = PBXBuildFile; fileRef = 55B9E4062195A385009E89EF /* NewsBarViewLayout.swift */; };
		55B9E4092195AB46009E89EF /* NewsHeaderView.swift in Sources */ = {isa = PBXBuildFile; fileRef = 55B9E4082195AB46009E89EF /* NewsHeaderView.swift */; };
		55B9E40B2195AFC2009E89EF /* NewsHeaderViewLayout.swift in Sources */ = {isa = PBXBuildFile; fileRef = 55B9E40A2195AFC2009E89EF /* NewsHeaderViewLayout.swift */; };
		55B9E4112195BDB3009E89EF /* UIImage+Helpers.swift in Sources */ = {isa = PBXBuildFile; fileRef = 55B9E4102195BDB3009E89EF /* UIImage+Helpers.swift */; };
		55B9E4172195C29A009E89EF /* NewsCellController.swift in Sources */ = {isa = PBXBuildFile; fileRef = 55B9E4162195C29A009E89EF /* NewsCellController.swift */; };
		55B9E4192195C9B2009E89EF /* NewsCellLayout.swift in Sources */ = {isa = PBXBuildFile; fileRef = 55B9E4182195C9B2009E89EF /* NewsCellLayout.swift */; };
/* End PBXBuildFile section */

/* Begin PBXContainerItemProxy section */
		55B9E3CD2194DCAC009E89EF /* PBXContainerItemProxy */ = {
			isa = PBXContainerItemProxy;
			containerPortal = 55B9E3B02194DCA9009E89EF /* Project object */;
			proxyType = 1;
			remoteGlobalIDString = 55B9E3B72194DCA9009E89EF;
			remoteInfo = VKContest;
		};
/* End PBXContainerItemProxy section */

/* Begin PBXFileReference section */
		55B9E3B82194DCA9009E89EF /* VKContest.app */ = {isa = PBXFileReference; explicitFileType = wrapper.application; includeInIndex = 0; path = VKContest.app; sourceTree = BUILT_PRODUCTS_DIR; };
		55B9E3BB2194DCA9009E89EF /* AppDelegate.swift */ = {isa = PBXFileReference; lastKnownFileType = sourcecode.swift; path = AppDelegate.swift; sourceTree = "<group>"; };
		55B9E3BD2194DCA9009E89EF /* NewsFeedViewController.swift */ = {isa = PBXFileReference; lastKnownFileType = sourcecode.swift; path = NewsFeedViewController.swift; sourceTree = "<group>"; };
		55B9E3C22194DCAB009E89EF /* Assets.xcassets */ = {isa = PBXFileReference; lastKnownFileType = folder.assetcatalog; path = Assets.xcassets; sourceTree = "<group>"; };
		55B9E3C52194DCAB009E89EF /* Base */ = {isa = PBXFileReference; lastKnownFileType = file.storyboard; name = Base; path = Base.lproj/LaunchScreen.storyboard; sourceTree = "<group>"; };
		55B9E3C72194DCAB009E89EF /* Info.plist */ = {isa = PBXFileReference; lastKnownFileType = text.plist.xml; path = Info.plist; sourceTree = "<group>"; };
		55B9E3CC2194DCAC009E89EF /* VKContestTests.xctest */ = {isa = PBXFileReference; explicitFileType = wrapper.cfbundle; includeInIndex = 0; path = VKContestTests.xctest; sourceTree = BUILT_PRODUCTS_DIR; };
		55B9E3D02194DCAC009E89EF /* VKContestTests.swift */ = {isa = PBXFileReference; lastKnownFileType = sourcecode.swift; path = VKContestTests.swift; sourceTree = "<group>"; };
		55B9E3D22194DCAC009E89EF /* Info.plist */ = {isa = PBXFileReference; lastKnownFileType = text.plist.xml; path = Info.plist; sourceTree = "<group>"; };
		55B9E3E52194E914009E89EF /* VKSdkFramework.framework */ = {isa = PBXFileReference; lastKnownFileType = wrapper.framework; name = VKSdkFramework.framework; path = Frameworks/Carthage/Build/iOS/VKSdkFramework.framework; sourceTree = "<group>"; };
		55B9E3F42195887F009E89EF /* MainViewController.swift */ = {isa = PBXFileReference; lastKnownFileType = sourcecode.swift; path = MainViewController.swift; sourceTree = "<group>"; };
		55B9E3FA21958A38009E89EF /* UIViewController+Helpers.swift */ = {isa = PBXFileReference; lastKnownFileType = sourcecode.swift; path = "UIViewController+Helpers.swift"; sourceTree = "<group>"; };
		55B9E3FC219596BE009E89EF /* NewsCell.swift */ = {isa = PBXFileReference; lastKnownFileType = sourcecode.swift; path = NewsCell.swift; sourceTree = "<group>"; };
		55B9E40121959CC4009E89EF /* NewsBarView.swift */ = {isa = PBXFileReference; lastKnownFileType = sourcecode.swift; path = NewsBarView.swift; sourceTree = "<group>"; };
		55B9E40421959E0A009E89EF /* Resources.xcassets */ = {isa = PBXFileReference; lastKnownFileType = folder.assetcatalog; path = Resources.xcassets; sourceTree = "<group>"; };
		55B9E4062195A385009E89EF /* NewsBarViewLayout.swift */ = {isa = PBXFileReference; lastKnownFileType = sourcecode.swift; path = NewsBarViewLayout.swift; sourceTree = "<group>"; };
		55B9E4082195AB46009E89EF /* NewsHeaderView.swift */ = {isa = PBXFileReference; lastKnownFileType = sourcecode.swift; path = NewsHeaderView.swift; sourceTree = "<group>"; };
		55B9E40A2195AFC2009E89EF /* NewsHeaderViewLayout.swift */ = {isa = PBXFileReference; lastKnownFileType = sourcecode.swift; path = NewsHeaderViewLayout.swift; sourceTree = "<group>"; };
		55B9E4102195BDB3009E89EF /* UIImage+Helpers.swift */ = {isa = PBXFileReference; lastKnownFileType = sourcecode.swift; path = "UIImage+Helpers.swift"; sourceTree = "<group>"; };
		55B9E4162195C29A009E89EF /* NewsCellController.swift */ = {isa = PBXFileReference; lastKnownFileType = sourcecode.swift; path = NewsCellController.swift; sourceTree = "<group>"; };
		55B9E4182195C9B2009E89EF /* NewsCellLayout.swift */ = {isa = PBXFileReference; lastKnownFileType = sourcecode.swift; path = NewsCellLayout.swift; sourceTree = "<group>"; };
/* End PBXFileReference section */

/* Begin PBXFrameworksBuildPhase section */
		55B9E3B52194DCA9009E89EF /* Frameworks */ = {
			isa = PBXFrameworksBuildPhase;
			buildActionMask = 2147483647;
			files = (
				55B9E3E62194E914009E89EF /* VKSdkFramework.framework in Frameworks */,
			);
			runOnlyForDeploymentPostprocessing = 0;
		};
		55B9E3C92194DCAB009E89EF /* Frameworks */ = {
			isa = PBXFrameworksBuildPhase;
			buildActionMask = 2147483647;
			files = (
			);
			runOnlyForDeploymentPostprocessing = 0;
		};
/* End PBXFrameworksBuildPhase section */

/* Begin PBXGroup section */
		55B9E3AF2194DCA9009E89EF = {
			isa = PBXGroup;
			children = (
				55B9E3E52194E914009E89EF /* VKSdkFramework.framework */,
				55B9E3BA2194DCA9009E89EF /* VKContest */,
				55B9E3CF2194DCAC009E89EF /* VKContestTests */,
				55B9E3B92194DCA9009E89EF /* Products */,
			);
			sourceTree = "<group>";
		};
		55B9E3B92194DCA9009E89EF /* Products */ = {
			isa = PBXGroup;
			children = (
				55B9E3B82194DCA9009E89EF /* VKContest.app */,
				55B9E3CC2194DCAC009E89EF /* VKContestTests.xctest */,
			);
			name = Products;
			sourceTree = "<group>";
		};
		55B9E3BA2194DCA9009E89EF /* VKContest */ = {
			isa = PBXGroup;
			children = (
				55B9E40321959DF5009E89EF /* Resources */,
				55B9E3BB2194DCA9009E89EF /* AppDelegate.swift */,
				55B9E3F42195887F009E89EF /* MainViewController.swift */,
				55B9E3BD2194DCA9009E89EF /* NewsFeedViewController.swift */,
				55B9E40121959CC4009E89EF /* NewsBarView.swift */,
				55B9E4062195A385009E89EF /* NewsBarViewLayout.swift */,
				55B9E3FC219596BE009E89EF /* NewsCell.swift */,
				55B9E4182195C9B2009E89EF /* NewsCellLayout.swift */,
				55B9E4162195C29A009E89EF /* NewsCellController.swift */,
				55B9E4082195AB46009E89EF /* NewsHeaderView.swift */,
				55B9E40A2195AFC2009E89EF /* NewsHeaderViewLayout.swift */,
				55B9E4102195BDB3009E89EF /* UIImage+Helpers.swift */,
				55B9E3FA21958A38009E89EF /* UIViewController+Helpers.swift */,
				55B9E3C22194DCAB009E89EF /* Assets.xcassets */,
				55B9E3C42194DCAB009E89EF /* LaunchScreen.storyboard */,
				55B9E3C72194DCAB009E89EF /* Info.plist */,
			);
			path = VKContest;
			sourceTree = "<group>";
		};
		55B9E3CF2194DCAC009E89EF /* VKContestTests */ = {
			isa = PBXGroup;
			children = (
				55B9E3D02194DCAC009E89EF /* VKContestTests.swift */,
				55B9E3D22194DCAC009E89EF /* Info.plist */,
			);
			path = VKContestTests;
			sourceTree = "<group>";
		};
		55B9E40321959DF5009E89EF /* Resources */ = {
			isa = PBXGroup;
			children = (
				55B9E40421959E0A009E89EF /* Resources.xcassets */,
			);
			path = Resources;
			sourceTree = "<group>";
		};
/* End PBXGroup section */

/* Begin PBXNativeTarget section */
		55B9E3B72194DCA9009E89EF /* VKContest */ = {
			isa = PBXNativeTarget;
			buildConfigurationList = 55B9E3D52194DCAC009E89EF /* Build configuration list for PBXNativeTarget "VKContest" */;
			buildPhases = (
				55B9E3B42194DCA9009E89EF /* Sources */,
				55B9E3B52194DCA9009E89EF /* Frameworks */,
				55B9E3B62194DCA9009E89EF /* Resources */,
				55B9E3E72194E91F009E89EF /* Copy Carthage Frameworks */,
			);
			buildRules = (
			);
			dependencies = (
			);
			name = VKContest;
			productName = VKContest;
			productReference = 55B9E3B82194DCA9009E89EF /* VKContest.app */;
			productType = "com.apple.product-type.application";
		};
		55B9E3CB2194DCAB009E89EF /* VKContestTests */ = {
			isa = PBXNativeTarget;
			buildConfigurationList = 55B9E3D82194DCAC009E89EF /* Build configuration list for PBXNativeTarget "VKContestTests" */;
			buildPhases = (
				55B9E3C82194DCAB009E89EF /* Sources */,
				55B9E3C92194DCAB009E89EF /* Frameworks */,
				55B9E3CA2194DCAB009E89EF /* Resources */,
			);
			buildRules = (
			);
			dependencies = (
				55B9E3CE2194DCAC009E89EF /* PBXTargetDependency */,
			);
			name = VKContestTests;
			productName = VKContestTests;
			productReference = 55B9E3CC2194DCAC009E89EF /* VKContestTests.xctest */;
			productType = "com.apple.product-type.bundle.unit-test";
		};
/* End PBXNativeTarget section */

/* Begin PBXProject section */
		55B9E3B02194DCA9009E89EF /* Project object */ = {
			isa = PBXProject;
			attributes = {
				LastSwiftUpdateCheck = 1010;
				LastUpgradeCheck = 1010;
				ORGANIZATIONNAME = "Anton Shchukin";
				TargetAttributes = {
					55B9E3B72194DCA9009E89EF = {
						CreatedOnToolsVersion = 10.1;
					};
					55B9E3CB2194DCAB009E89EF = {
						CreatedOnToolsVersion = 10.1;
						TestTargetID = 55B9E3B72194DCA9009E89EF;
					};
				};
			};
			buildConfigurationList = 55B9E3B32194DCA9009E89EF /* Build configuration list for PBXProject "VKContest" */;
			compatibilityVersion = "Xcode 9.3";
			developmentRegion = en;
			hasScannedForEncodings = 0;
			knownRegions = (
				en,
				Base,
			);
			mainGroup = 55B9E3AF2194DCA9009E89EF;
			productRefGroup = 55B9E3B92194DCA9009E89EF /* Products */;
			projectDirPath = "";
			projectRoot = "";
			targets = (
				55B9E3B72194DCA9009E89EF /* VKContest */,
				55B9E3CB2194DCAB009E89EF /* VKContestTests */,
			);
		};
/* End PBXProject section */

/* Begin PBXResourcesBuildPhase section */
		55B9E3B62194DCA9009E89EF /* Resources */ = {
			isa = PBXResourcesBuildPhase;
			buildActionMask = 2147483647;
			files = (
				55B9E40521959E0A009E89EF /* Resources.xcassets in Resources */,
				55B9E3C62194DCAB009E89EF /* LaunchScreen.storyboard in Resources */,
				55B9E3C32194DCAB009E89EF /* Assets.xcassets in Resources */,
			);
			runOnlyForDeploymentPostprocessing = 0;
		};
		55B9E3CA2194DCAB009E89EF /* Resources */ = {
			isa = PBXResourcesBuildPhase;
			buildActionMask = 2147483647;
			files = (
			);
			runOnlyForDeploymentPostprocessing = 0;
		};
/* End PBXResourcesBuildPhase section */

/* Begin PBXShellScriptBuildPhase section */
		55B9E3E72194E91F009E89EF /* Copy Carthage Frameworks */ = {
			isa = PBXShellScriptBuildPhase;
			buildActionMask = 2147483647;
			files = (
			);
			inputFileListPaths = (
			);
			inputPaths = (
				"$(SRCROOT)/Frameworks/Carthage/Build/iOS/VKSdkFramework.framework",
			);
			name = "Copy Carthage Frameworks";
			outputFileListPaths = (
			);
			outputPaths = (
				"$(BUILT_PRODUCTS_DIR)/$(FRAMEWORKS_FOLDER_PATH)/VKSdkFramework.framework",
			);
			runOnlyForDeploymentPostprocessing = 0;
			shellPath = /bin/sh;
			shellScript = "/usr/local/bin/carthage copy-frameworks\n";
		};
/* End PBXShellScriptBuildPhase section */

/* Begin PBXSourcesBuildPhase section */
		55B9E3B42194DCA9009E89EF /* Sources */ = {
			isa = PBXSourcesBuildPhase;
			buildActionMask = 2147483647;
			files = (
				55B9E40B2195AFC2009E89EF /* NewsHeaderViewLayout.swift in Sources */,
				55B9E4192195C9B2009E89EF /* NewsCellLayout.swift in Sources */,
				55B9E40221959CC4009E89EF /* NewsBarView.swift in Sources */,
				55B9E3FB21958A38009E89EF /* UIViewController+Helpers.swift in Sources */,
				55B9E3F52195887F009E89EF /* MainViewController.swift in Sources */,
				55B9E4172195C29A009E89EF /* NewsCellController.swift in Sources */,
				55B9E3FD219596BE009E89EF /* NewsCell.swift in Sources */,
				55B9E4092195AB46009E89EF /* NewsHeaderView.swift in Sources */,
				55B9E4112195BDB3009E89EF /* UIImage+Helpers.swift in Sources */,
				55B9E4072195A385009E89EF /* NewsBarViewLayout.swift in Sources */,
				55B9E3BE2194DCA9009E89EF /* NewsFeedViewController.swift in Sources */,
				55B9E3BC2194DCA9009E89EF /* AppDelegate.swift in Sources */,
			);
			runOnlyForDeploymentPostprocessing = 0;
		};
		55B9E3C82194DCAB009E89EF /* Sources */ = {
			isa = PBXSourcesBuildPhase;
			buildActionMask = 2147483647;
			files = (
				55B9E3D12194DCAC009E89EF /* VKContestTests.swift in Sources */,
			);
			runOnlyForDeploymentPostprocessing = 0;
		};
/* End PBXSourcesBuildPhase section */

/* Begin PBXTargetDependency section */
		55B9E3CE2194DCAC009E89EF /* PBXTargetDependency */ = {
			isa = PBXTargetDependency;
			target = 55B9E3B72194DCA9009E89EF /* VKContest */;
			targetProxy = 55B9E3CD2194DCAC009E89EF /* PBXContainerItemProxy */;
		};
/* End PBXTargetDependency section */

/* Begin PBXVariantGroup section */
		55B9E3C42194DCAB009E89EF /* LaunchScreen.storyboard */ = {
			isa = PBXVariantGroup;
			children = (
				55B9E3C52194DCAB009E89EF /* Base */,
			);
			name = LaunchScreen.storyboard;
			sourceTree = "<group>";
		};
/* End PBXVariantGroup section */

/* Begin XCBuildConfiguration section */
		55B9E3D32194DCAC009E89EF /* Debug */ = {
			isa = XCBuildConfiguration;
			buildSettings = {
				ALWAYS_SEARCH_USER_PATHS = NO;
				CLANG_ANALYZER_NONNULL = YES;
				CLANG_ANALYZER_NUMBER_OBJECT_CONVERSION = YES_AGGRESSIVE;
				CLANG_CXX_LANGUAGE_STANDARD = "gnu++14";
				CLANG_CXX_LIBRARY = "libc++";
				CLANG_ENABLE_MODULES = YES;
				CLANG_ENABLE_OBJC_ARC = YES;
				CLANG_ENABLE_OBJC_WEAK = YES;
				CLANG_WARN_BLOCK_CAPTURE_AUTORELEASING = YES;
				CLANG_WARN_BOOL_CONVERSION = YES;
				CLANG_WARN_COMMA = YES;
				CLANG_WARN_CONSTANT_CONVERSION = YES;
				CLANG_WARN_DEPRECATED_OBJC_IMPLEMENTATIONS = YES;
				CLANG_WARN_DIRECT_OBJC_ISA_USAGE = YES_ERROR;
				CLANG_WARN_DOCUMENTATION_COMMENTS = YES;
				CLANG_WARN_EMPTY_BODY = YES;
				CLANG_WARN_ENUM_CONVERSION = YES;
				CLANG_WARN_INFINITE_RECURSION = YES;
				CLANG_WARN_INT_CONVERSION = YES;
				CLANG_WARN_NON_LITERAL_NULL_CONVERSION = YES;
				CLANG_WARN_OBJC_IMPLICIT_RETAIN_SELF = YES;
				CLANG_WARN_OBJC_LITERAL_CONVERSION = YES;
				CLANG_WARN_OBJC_ROOT_CLASS = YES_ERROR;
				CLANG_WARN_RANGE_LOOP_ANALYSIS = YES;
				CLANG_WARN_STRICT_PROTOTYPES = YES;
				CLANG_WARN_SUSPICIOUS_MOVE = YES;
				CLANG_WARN_UNGUARDED_AVAILABILITY = YES_AGGRESSIVE;
				CLANG_WARN_UNREACHABLE_CODE = YES;
				CLANG_WARN__DUPLICATE_METHOD_MATCH = YES;
				CODE_SIGN_IDENTITY = "iPhone Developer";
				COPY_PHASE_STRIP = NO;
				DEBUG_INFORMATION_FORMAT = dwarf;
				ENABLE_STRICT_OBJC_MSGSEND = YES;
				ENABLE_TESTABILITY = YES;
				GCC_C_LANGUAGE_STANDARD = gnu11;
				GCC_DYNAMIC_NO_PIC = NO;
				GCC_NO_COMMON_BLOCKS = YES;
				GCC_OPTIMIZATION_LEVEL = 0;
				GCC_PREPROCESSOR_DEFINITIONS = (
					"DEBUG=1",
					"$(inherited)",
				);
				GCC_WARN_64_TO_32_BIT_CONVERSION = YES;
				GCC_WARN_ABOUT_RETURN_TYPE = YES_ERROR;
				GCC_WARN_UNDECLARED_SELECTOR = YES;
				GCC_WARN_UNINITIALIZED_AUTOS = YES_AGGRESSIVE;
				GCC_WARN_UNUSED_FUNCTION = YES;
				GCC_WARN_UNUSED_VARIABLE = YES;
				IPHONEOS_DEPLOYMENT_TARGET = 12.1;
				MTL_ENABLE_DEBUG_INFO = INCLUDE_SOURCE;
				MTL_FAST_MATH = YES;
				ONLY_ACTIVE_ARCH = YES;
				SDKROOT = iphoneos;
				SWIFT_ACTIVE_COMPILATION_CONDITIONS = DEBUG;
				SWIFT_OPTIMIZATION_LEVEL = "-Onone";
			};
			name = Debug;
		};
		55B9E3D42194DCAC009E89EF /* Release */ = {
			isa = XCBuildConfiguration;
			buildSettings = {
				ALWAYS_SEARCH_USER_PATHS = NO;
				CLANG_ANALYZER_NONNULL = YES;
				CLANG_ANALYZER_NUMBER_OBJECT_CONVERSION = YES_AGGRESSIVE;
				CLANG_CXX_LANGUAGE_STANDARD = "gnu++14";
				CLANG_CXX_LIBRARY = "libc++";
				CLANG_ENABLE_MODULES = YES;
				CLANG_ENABLE_OBJC_ARC = YES;
				CLANG_ENABLE_OBJC_WEAK = YES;
				CLANG_WARN_BLOCK_CAPTURE_AUTORELEASING = YES;
				CLANG_WARN_BOOL_CONVERSION = YES;
				CLANG_WARN_COMMA = YES;
				CLANG_WARN_CONSTANT_CONVERSION = YES;
				CLANG_WARN_DEPRECATED_OBJC_IMPLEMENTATIONS = YES;
				CLANG_WARN_DIRECT_OBJC_ISA_USAGE = YES_ERROR;
				CLANG_WARN_DOCUMENTATION_COMMENTS = YES;
				CLANG_WARN_EMPTY_BODY = YES;
				CLANG_WARN_ENUM_CONVERSION = YES;
				CLANG_WARN_INFINITE_RECURSION = YES;
				CLANG_WARN_INT_CONVERSION = YES;
				CLANG_WARN_NON_LITERAL_NULL_CONVERSION = YES;
				CLANG_WARN_OBJC_IMPLICIT_RETAIN_SELF = YES;
				CLANG_WARN_OBJC_LITERAL_CONVERSION = YES;
				CLANG_WARN_OBJC_ROOT_CLASS = YES_ERROR;
				CLANG_WARN_RANGE_LOOP_ANALYSIS = YES;
				CLANG_WARN_STRICT_PROTOTYPES = YES;
				CLANG_WARN_SUSPICIOUS_MOVE = YES;
				CLANG_WARN_UNGUARDED_AVAILABILITY = YES_AGGRESSIVE;
				CLANG_WARN_UNREACHABLE_CODE = YES;
				CLANG_WARN__DUPLICATE_METHOD_MATCH = YES;
				CODE_SIGN_IDENTITY = "iPhone Developer";
				COPY_PHASE_STRIP = NO;
				DEBUG_INFORMATION_FORMAT = "dwarf-with-dsym";
				ENABLE_NS_ASSERTIONS = NO;
				ENABLE_STRICT_OBJC_MSGSEND = YES;
				GCC_C_LANGUAGE_STANDARD = gnu11;
				GCC_NO_COMMON_BLOCKS = YES;
				GCC_WARN_64_TO_32_BIT_CONVERSION = YES;
				GCC_WARN_ABOUT_RETURN_TYPE = YES_ERROR;
				GCC_WARN_UNDECLARED_SELECTOR = YES;
				GCC_WARN_UNINITIALIZED_AUTOS = YES_AGGRESSIVE;
				GCC_WARN_UNUSED_FUNCTION = YES;
				GCC_WARN_UNUSED_VARIABLE = YES;
				IPHONEOS_DEPLOYMENT_TARGET = 12.1;
				MTL_ENABLE_DEBUG_INFO = NO;
				MTL_FAST_MATH = YES;
				SDKROOT = iphoneos;
				SWIFT_COMPILATION_MODE = wholemodule;
				SWIFT_OPTIMIZATION_LEVEL = "-O";
				VALIDATE_PRODUCT = YES;
			};
			name = Release;
		};
		55B9E3D62194DCAC009E89EF /* Debug */ = {
			isa = XCBuildConfiguration;
			buildSettings = {
				ASSETCATALOG_COMPILER_APPICON_NAME = AppIcon;
				CODE_SIGN_STYLE = Manual;
				DEVELOPMENT_TEAM = "";
				FRAMEWORK_SEARCH_PATHS = (
					"$(inherited)",
					"$(PROJECT_DIR)/Frameworks/Carthage/Build/iOS",
				);
				INFOPLIST_FILE = VKContest/Info.plist;
				IPHONEOS_DEPLOYMENT_TARGET = 9.0;
				LD_RUNPATH_SEARCH_PATHS = (
					"$(inherited)",
					"@executable_path/Frameworks",
				);
				PRODUCT_BUNDLE_IDENTIFIER = com.antonshchukin.VKContest;
				PRODUCT_NAME = "$(TARGET_NAME)";
				PROVISIONING_PROFILE_SPECIFIER = "";
				SWIFT_VERSION = 4.2;
				TARGETED_DEVICE_FAMILY = 1;
			};
			name = Debug;
		};
		55B9E3D72194DCAC009E89EF /* Release */ = {
			isa = XCBuildConfiguration;
			buildSettings = {
				ASSETCATALOG_COMPILER_APPICON_NAME = AppIcon;
				CODE_SIGN_STYLE = Manual;
				DEVELOPMENT_TEAM = "";
				FRAMEWORK_SEARCH_PATHS = (
					"$(inherited)",
					"$(PROJECT_DIR)/Frameworks/Carthage/Build/iOS",
				);
				INFOPLIST_FILE = VKContest/Info.plist;
				IPHONEOS_DEPLOYMENT_TARGET = 9.0;
				LD_RUNPATH_SEARCH_PATHS = (
					"$(inherited)",
					"@executable_path/Frameworks",
				);
				PRODUCT_BUNDLE_IDENTIFIER = com.antonshchukin.VKContest;
				PRODUCT_NAME = "$(TARGET_NAME)";
				PROVISIONING_PROFILE_SPECIFIER = "";
				SWIFT_VERSION = 4.2;
				TARGETED_DEVICE_FAMILY = 1;
			};
			name = Release;
		};
		55B9E3D92194DCAC009E89EF /* Debug */ = {
			isa = XCBuildConfiguration;
			buildSettings = {
				ALWAYS_EMBED_SWIFT_STANDARD_LIBRARIES = YES;
				BUNDLE_LOADER = "$(TEST_HOST)";
				CODE_SIGN_STYLE = Automatic;
				INFOPLIST_FILE = VKContestTests/Info.plist;
				LD_RUNPATH_SEARCH_PATHS = (
					"$(inherited)",
					"@executable_path/Frameworks",
					"@loader_path/Frameworks",
				);
				PRODUCT_BUNDLE_IDENTIFIER = com.antonshchukin.VKContestTests;
				PRODUCT_NAME = "$(TARGET_NAME)";
				SWIFT_VERSION = 4.2;
				TARGETED_DEVICE_FAMILY = "1,2";
				TEST_HOST = "$(BUILT_PRODUCTS_DIR)/VKContest.app/VKContest";
			};
			name = Debug;
		};
		55B9E3DA2194DCAC009E89EF /* Release */ = {
			isa = XCBuildConfiguration;
			buildSettings = {
				ALWAYS_EMBED_SWIFT_STANDARD_LIBRARIES = YES;
				BUNDLE_LOADER = "$(TEST_HOST)";
				CODE_SIGN_STYLE = Automatic;
				INFOPLIST_FILE = VKContestTests/Info.plist;
				LD_RUNPATH_SEARCH_PATHS = (
					"$(inherited)",
					"@executable_path/Frameworks",
					"@loader_path/Frameworks",
				);
				PRODUCT_BUNDLE_IDENTIFIER = com.antonshchukin.VKContestTests;
				PRODUCT_NAME = "$(TARGET_NAME)";
				SWIFT_VERSION = 4.2;
				TARGETED_DEVICE_FAMILY = "1,2";
				TEST_HOST = "$(BUILT_PRODUCTS_DIR)/VKContest.app/VKContest";
			};
			name = Release;
		};
/* End XCBuildConfiguration section */

/* Begin XCConfigurationList section */
		55B9E3B32194DCA9009E89EF /* Build configuration list for PBXProject "VKContest" */ = {
			isa = XCConfigurationList;
			buildConfigurations = (
				55B9E3D32194DCAC009E89EF /* Debug */,
				55B9E3D42194DCAC009E89EF /* Release */,
			);
			defaultConfigurationIsVisible = 0;
			defaultConfigurationName = Release;
		};
		55B9E3D52194DCAC009E89EF /* Build configuration list for PBXNativeTarget "VKContest" */ = {
			isa = XCConfigurationList;
			buildConfigurations = (
				55B9E3D62194DCAC009E89EF /* Debug */,
				55B9E3D72194DCAC009E89EF /* Release */,
			);
			defaultConfigurationIsVisible = 0;
			defaultConfigurationName = Release;
		};
		55B9E3D82194DCAC009E89EF /* Build configuration list for PBXNativeTarget "VKContestTests" */ = {
			isa = XCConfigurationList;
			buildConfigurations = (
				55B9E3D92194DCAC009E89EF /* Debug */,
				55B9E3DA2194DCAC009E89EF /* Release */,
			);
			defaultConfigurationIsVisible = 0;
			defaultConfigurationName = Release;
		};
/* End XCConfigurationList section */
	};
	rootObject = 55B9E3B02194DCA9009E89EF /* Project object */;
}
